Microsoft Visual Studio Solution File, Format Version 12.00
# Visual Studio Version 17
VisualStudioVersion = 17.5.2.0
MinimumVisualStudioVersion = 10.0.40219.1
Project("{2150E333-8FDC-42A3-9474-1A3956D46DE8}") = "Mingghan_Offensive", "Mingghan_Offensive", "{C16C13DF-CF20-35C3-23EC-F9F811405DF6}"
EndProject
Project("{FAE04EC0-301F-11D3-BF4B-00C04F79EFBC}") = "Zunn_Engine", "Mingghan_Offensive\Zunn_Engine\Zunn_Engine.csproj", "{45316F6C-5116-1593-079F-4AC1DC8F5B4D}"
EndProject
Global
	GlobalSection(SolutionConfigurationPlatforms) = preSolution
		Debug|Any CPU = Debug|Any CPU
		Release|Any CPU = Release|Any CPU
	EndGlobalSection
	GlobalSection(ProjectConfigurationPlatforms) = postSolution
		{45316F6C-5116-1593-079F-4AC1DC8F5B4D}.Debug|Any CPU.ActiveCfg = Debug|Any CPU
		{45316F6C-5116-1593-079F-4AC1DC8F5B4D}.Debug|Any CPU.Build.0 = Debug|Any CPU
		{45316F6C-5116-1593-079F-4AC1DC8F5B4D}.Release|Any CPU.ActiveCfg = Release|Any CPU
		{45316F6C-5116-1593-079F-4AC1DC8F5B4D}.Release|Any CPU.Build.0 = Release|Any CPU
	EndGlobalSection
	GlobalSection(SolutionProperties) = preSolution
		HideSolutionNode = FALSE
	EndGlobalSection
	GlobalSection(NestedProjects) = preSolution
		{45316F6C-5116-1593-079F-4AC1DC8F5B4D} = {C16C13DF-CF20-35C3-23EC-F9F811405DF6}
	EndGlobalSection
	GlobalSection(ExtensibilityGlobals) = postSolution
		SolutionGuid = {38ABEE9B-7B40-406C-8484-140836A45D2D}
	EndGlobalSection
EndGlobal
